// !$*UTF8*$!
{
	archiveVersion = 1;
	classes = {
	};
	objectVersion = 56;
	objects = {

/* Begin PBXBuildFile section */
		6D22694A2976CDC6007D3C2E /* AppDelegate.swift in Sources */ = {isa = PBXBuildFile; fileRef = 6D2269492976CDC6007D3C2E /* AppDelegate.swift */; };
		6D22694C2976CDC6007D3C2E /* SceneDelegate.swift in Sources */ = {isa = PBXBuildFile; fileRef = 6D22694B2976CDC6007D3C2E /* SceneDelegate.swift */; };
		6D22694E2976CDC6007D3C2E /* SearchVC.swift in Sources */ = {isa = PBXBuildFile; fileRef = 6D22694D2976CDC6007D3C2E /* SearchVC.swift */; };
		6D2269532976CDC6007D3C2E /* Assets.xcassets in Resources */ = {isa = PBXBuildFile; fileRef = 6D2269522976CDC6007D3C2E /* Assets.xcassets */; };
		6D2269562976CDC6007D3C2E /* LaunchScreen.storyboard in Resources */ = {isa = PBXBuildFile; fileRef = 6D2269542976CDC6007D3C2E /* LaunchScreen.storyboard */; };
		6D22695E2976E171007D3C2E /* FavoritesListVC.swift in Sources */ = {isa = PBXBuildFile; fileRef = 6D22695D2976E171007D3C2E /* FavoritesListVC.swift */; };
		6D22696029774353007D3C2E /* GFButton.swift in Sources */ = {isa = PBXBuildFile; fileRef = 6D22695F29774353007D3C2E /* GFButton.swift */; };
		6D22696229774505007D3C2E /* GFTextField.swift in Sources */ = {isa = PBXBuildFile; fileRef = 6D22696129774505007D3C2E /* GFTextField.swift */; };
		6D34D42D2980112200D177A9 /* UserInfoVC.swift in Sources */ = {isa = PBXBuildFile; fileRef = 6D34D42C2980112200D177A9 /* UserInfoVC.swift */; };
		6D34D42F29802CF500D177A9 /* GFError.swift in Sources */ = {isa = PBXBuildFile; fileRef = 6D34D42E29802CF500D177A9 /* GFError.swift */; };
		6D34D4312980332B00D177A9 /* GFSecondaryTitleLabel.swift in Sources */ = {isa = PBXBuildFile; fileRef = 6D34D4302980332B00D177A9 /* GFSecondaryTitleLabel.swift */; };
		6D34D433298033A000D177A9 /* GFUserInfoHeaderVC.swift in Sources */ = {isa = PBXBuildFile; fileRef = 6D34D432298033A000D177A9 /* GFUserInfoHeaderVC.swift */; };
		6D34D43529804D0D00D177A9 /* Constants.swift in Sources */ = {isa = PBXBuildFile; fileRef = 6D34D43429804D0D00D177A9 /* Constants.swift */; };
		6D34D437298067C700D177A9 /* GFItemInfoView.swift in Sources */ = {isa = PBXBuildFile; fileRef = 6D34D436298067C700D177A9 /* GFItemInfoView.swift */; };
		6D34D439298071B500D177A9 /* GFItemInfoVC.swift in Sources */ = {isa = PBXBuildFile; fileRef = 6D34D438298071B500D177A9 /* GFItemInfoVC.swift */; };
		6D34D43B2980774600D177A9 /* GFRepoItemVC.swift in Sources */ = {isa = PBXBuildFile; fileRef = 6D34D43A2980774600D177A9 /* GFRepoItemVC.swift */; };
		6D34D43D298078B000D177A9 /* GFFollowerItemVC.swift in Sources */ = {isa = PBXBuildFile; fileRef = 6D34D43C298078B000D177A9 /* GFFollowerItemVC.swift */; };
		6D37EE21297C89240022DCAA /* UIHelper.swift in Sources */ = {isa = PBXBuildFile; fileRef = 6D37EE20297C89240022DCAA /* UIHelper.swift */; };
		6D4D666B2979CC910084373F /* FollowerCell.swift in Sources */ = {isa = PBXBuildFile; fileRef = 6D4D666A2979CC910084373F /* FollowerCell.swift */; };
		6D4D666E2979CCC10084373F /* GFAvatarImageView.swift in Sources */ = {isa = PBXBuildFile; fileRef = 6D4D666D2979CCC10084373F /* GFAvatarImageView.swift */; };
		6D73F10629780C71008EFD4F /* FollowerListVC.swift in Sources */ = {isa = PBXBuildFile; fileRef = 6D73F10529780C71008EFD4F /* FollowerListVC.swift */; };
		6D73F1082978250C008EFD4F /* GFTitleLabel.swift in Sources */ = {isa = PBXBuildFile; fileRef = 6D73F1072978250C008EFD4F /* GFTitleLabel.swift */; };
		6D73F10A297825EF008EFD4F /* GFBodyLabel.swift in Sources */ = {isa = PBXBuildFile; fileRef = 6D73F109297825EF008EFD4F /* GFBodyLabel.swift */; };
		6D73F10C29782E7C008EFD4F /* GFAlertVC.swift in Sources */ = {isa = PBXBuildFile; fileRef = 6D73F10B29782E7C008EFD4F /* GFAlertVC.swift */; };
		6D73F10E29783CBF008EFD4F /* UIViewController+Ext.swift in Sources */ = {isa = PBXBuildFile; fileRef = 6D73F10D29783CBF008EFD4F /* UIViewController+Ext.swift */; };
		6D73F11529785673008EFD4F /* Follower.swift in Sources */ = {isa = PBXBuildFile; fileRef = 6D73F11429785673008EFD4F /* Follower.swift */; };
		6D73F11729785800008EFD4F /* User.swift in Sources */ = {isa = PBXBuildFile; fileRef = 6D73F11629785800008EFD4F /* User.swift */; };
		6DAE880229794C1F00761057 /* NetworkManager.swift in Sources */ = {isa = PBXBuildFile; fileRef = 6DAE880129794C1F00761057 /* NetworkManager.swift */; };
		6DDC8165297F1214005595FF /* GFEmptyStateView.swift in Sources */ = {isa = PBXBuildFile; fileRef = 6DDC8164297F1214005595FF /* GFEmptyStateView.swift */; };
/* End PBXBuildFile section */

/* Begin PBXFileReference section */
		6D2269462976CDC6007D3C2E /* GHFollowers.app */ = {isa = PBXFileReference; explicitFileType = wrapper.application; includeInIndex = 0; path = GHFollowers.app; sourceTree = BUILT_PRODUCTS_DIR; };
		6D2269492976CDC6007D3C2E /* AppDelegate.swift */ = {isa = PBXFileReference; lastKnownFileType = sourcecode.swift; path = AppDelegate.swift; sourceTree = "<group>"; };
		6D22694B2976CDC6007D3C2E /* SceneDelegate.swift */ = {isa = PBXFileReference; lastKnownFileType = sourcecode.swift; path = SceneDelegate.swift; sourceTree = "<group>"; };
		6D22694D2976CDC6007D3C2E /* SearchVC.swift */ = {isa = PBXFileReference; lastKnownFileType = sourcecode.swift; path = SearchVC.swift; sourceTree = "<group>"; };
		6D2269522976CDC6007D3C2E /* Assets.xcassets */ = {isa = PBXFileReference; lastKnownFileType = folder.assetcatalog; path = Assets.xcassets; sourceTree = "<group>"; };
		6D2269552976CDC6007D3C2E /* Base */ = {isa = PBXFileReference; lastKnownFileType = file.storyboard; name = Base; path = Base.lproj/LaunchScreen.storyboard; sourceTree = "<group>"; };
		6D2269572976CDC6007D3C2E /* Info.plist */ = {isa = PBXFileReference; lastKnownFileType = text.plist.xml; path = Info.plist; sourceTree = "<group>"; };
		6D22695D2976E171007D3C2E /* FavoritesListVC.swift */ = {isa = PBXFileReference; lastKnownFileType = sourcecode.swift; path = FavoritesListVC.swift; sourceTree = "<group>"; };
		6D22695F29774353007D3C2E /* GFButton.swift */ = {isa = PBXFileReference; lastKnownFileType = sourcecode.swift; path = GFButton.swift; sourceTree = "<group>"; };
		6D22696129774505007D3C2E /* GFTextField.swift */ = {isa = PBXFileReference; lastKnownFileType = sourcecode.swift; path = GFTextField.swift; sourceTree = "<group>"; };
		6D34D42C2980112200D177A9 /* UserInfoVC.swift */ = {isa = PBXFileReference; lastKnownFileType = sourcecode.swift; path = UserInfoVC.swift; sourceTree = "<group>"; };
		6D34D42E29802CF500D177A9 /* GFError.swift */ = {isa = PBXFileReference; lastKnownFileType = sourcecode.swift; path = GFError.swift; sourceTree = "<group>"; };
		6D34D4302980332B00D177A9 /* GFSecondaryTitleLabel.swift */ = {isa = PBXFileReference; lastKnownFileType = sourcecode.swift; path = GFSecondaryTitleLabel.swift; sourceTree = "<group>"; };
		6D34D432298033A000D177A9 /* GFUserInfoHeaderVC.swift */ = {isa = PBXFileReference; lastKnownFileType = sourcecode.swift; path = GFUserInfoHeaderVC.swift; sourceTree = "<group>"; };
		6D34D43429804D0D00D177A9 /* Constants.swift */ = {isa = PBXFileReference; lastKnownFileType = sourcecode.swift; path = Constants.swift; sourceTree = "<group>"; };
		6D34D436298067C700D177A9 /* GFItemInfoView.swift */ = {isa = PBXFileReference; lastKnownFileType = sourcecode.swift; path = GFItemInfoView.swift; sourceTree = "<group>"; };
		6D34D438298071B500D177A9 /* GFItemInfoVC.swift */ = {isa = PBXFileReference; lastKnownFileType = sourcecode.swift; path = GFItemInfoVC.swift; sourceTree = "<group>"; };
		6D34D43A2980774600D177A9 /* GFRepoItemVC.swift */ = {isa = PBXFileReference; lastKnownFileType = sourcecode.swift; path = GFRepoItemVC.swift; sourceTree = "<group>"; };
		6D34D43C298078B000D177A9 /* GFFollowerItemVC.swift */ = {isa = PBXFileReference; lastKnownFileType = sourcecode.swift; path = GFFollowerItemVC.swift; sourceTree = "<group>"; };
		6D37EE20297C89240022DCAA /* UIHelper.swift */ = {isa = PBXFileReference; lastKnownFileType = sourcecode.swift; path = UIHelper.swift; sourceTree = "<group>"; };
		6D4D666A2979CC910084373F /* FollowerCell.swift */ = {isa = PBXFileReference; lastKnownFileType = sourcecode.swift; path = FollowerCell.swift; sourceTree = "<group>"; };
		6D4D666D2979CCC10084373F /* GFAvatarImageView.swift */ = {isa = PBXFileReference; lastKnownFileType = sourcecode.swift; path = GFAvatarImageView.swift; sourceTree = "<group>"; };
		6D73F10529780C71008EFD4F /* FollowerListVC.swift */ = {isa = PBXFileReference; lastKnownFileType = sourcecode.swift; path = FollowerListVC.swift; sourceTree = "<group>"; };
		6D73F1072978250C008EFD4F /* GFTitleLabel.swift */ = {isa = PBXFileReference; lastKnownFileType = sourcecode.swift; path = GFTitleLabel.swift; sourceTree = "<group>"; };
		6D73F109297825EF008EFD4F /* GFBodyLabel.swift */ = {isa = PBXFileReference; lastKnownFileType = sourcecode.swift; path = GFBodyLabel.swift; sourceTree = "<group>"; };
		6D73F10B29782E7C008EFD4F /* GFAlertVC.swift */ = {isa = PBXFileReference; lastKnownFileType = sourcecode.swift; path = GFAlertVC.swift; sourceTree = "<group>"; };
		6D73F10D29783CBF008EFD4F /* UIViewController+Ext.swift */ = {isa = PBXFileReference; lastKnownFileType = sourcecode.swift; path = "UIViewController+Ext.swift"; sourceTree = "<group>"; };
		6D73F11429785673008EFD4F /* Follower.swift */ = {isa = PBXFileReference; lastKnownFileType = sourcecode.swift; path = Follower.swift; sourceTree = "<group>"; };
		6D73F11629785800008EFD4F /* User.swift */ = {isa = PBXFileReference; lastKnownFileType = sourcecode.swift; path = User.swift; sourceTree = "<group>"; };
		6DAE880129794C1F00761057 /* NetworkManager.swift */ = {isa = PBXFileReference; lastKnownFileType = sourcecode.swift; path = NetworkManager.swift; sourceTree = "<group>"; };
		6DDC8164297F1214005595FF /* GFEmptyStateView.swift */ = {isa = PBXFileReference; lastKnownFileType = sourcecode.swift; path = GFEmptyStateView.swift; sourceTree = "<group>"; };
/* End PBXFileReference section */

/* Begin PBXFrameworksBuildPhase section */
		6D2269432976CDC6007D3C2E /* Frameworks */ = {
			isa = PBXFrameworksBuildPhase;
			buildActionMask = 2147483647;
			files = (
			);
			runOnlyForDeploymentPostprocessing = 0;
		};
/* End PBXFrameworksBuildPhase section */

/* Begin PBXGroup section */
		6D22693D2976CDC6007D3C2E = {
			isa = PBXGroup;
			children = (
				6D2269482976CDC6007D3C2E /* GHFollowers */,
				6D2269472976CDC6007D3C2E /* Products */,
			);
			sourceTree = "<group>";
		};
		6D2269472976CDC6007D3C2E /* Products */ = {
			isa = PBXGroup;
			children = (
				6D2269462976CDC6007D3C2E /* GHFollowers.app */,
			);
			name = Products;
			sourceTree = "<group>";
		};
		6D2269482976CDC6007D3C2E /* GHFollowers */ = {
			isa = PBXGroup;
			children = (
				6D4D66672979BF740084373F /* Utilities */,
				6DAE880029794C1300761057 /* Managers */,
				6D73F1132978564C008EFD4F /* Models */,
				6D73F11129784D5E008EFD4F /* Custom Views */,
				6D73F10F29784D3F008EFD4F /* Screens */,
				6D73F11029784D50008EFD4F /* Extensions */,
				6D73F11229785623008EFD4F /* Support */,
				6D2269572976CDC6007D3C2E /* Info.plist */,
			);
			path = GHFollowers;
			sourceTree = "<group>";
		};
		6D34D43E2980791E00D177A9 /* ItemInfoVCs */ = {
			isa = PBXGroup;
			children = (
				6D34D438298071B500D177A9 /* GFItemInfoVC.swift */,
				6D34D43A2980774600D177A9 /* GFRepoItemVC.swift */,
				6D34D43C298078B000D177A9 /* GFFollowerItemVC.swift */,
			);
			path = ItemInfoVCs;
			sourceTree = "<group>";
		};
		6D4D66672979BF740084373F /* Utilities */ = {
			isa = PBXGroup;
			children = (
				6D37EE20297C89240022DCAA /* UIHelper.swift */,
				6D34D42E29802CF500D177A9 /* GFError.swift */,
				6D34D43429804D0D00D177A9 /* Constants.swift */,
			);
			path = Utilities;
			sourceTree = "<group>";
		};
		6D4D666C2979CC920084373F /* Cells */ = {
			isa = PBXGroup;
			children = (
				6D4D666A2979CC910084373F /* FollowerCell.swift */,
			);
			path = Cells;
			sourceTree = "<group>";
		};
		6D73F10F29784D3F008EFD4F /* Screens */ = {
			isa = PBXGroup;
			children = (
				6D22694D2976CDC6007D3C2E /* SearchVC.swift */,
				6D22695D2976E171007D3C2E /* FavoritesListVC.swift */,
				6D73F10529780C71008EFD4F /* FollowerListVC.swift */,
				6D34D42C2980112200D177A9 /* UserInfoVC.swift */,
			);
			path = Screens;
			sourceTree = "<group>";
		};
		6D73F11029784D50008EFD4F /* Extensions */ = {
			isa = PBXGroup;
			children = (
				6D73F10D29783CBF008EFD4F /* UIViewController+Ext.swift */,
			);
			path = Extensions;
			sourceTree = "<group>";
		};
		6D73F11129784D5E008EFD4F /* Custom Views */ = {
			isa = PBXGroup;
			children = (
				6DDC8163297F0AF8005595FF /* Labels */,
				6DDC8162297F0ADF005595FF /* ViewControllers */,
				6DDC8161297F0AD9005595FF /* ImageViews */,
				6DDC8160297F0AD4005595FF /* TextFields */,
				6DDC815F297F0AD0005595FF /* Buttons */,
				6DDC815E297F0ACA005595FF /* Views */,
				6D4D666C2979CC920084373F /* Cells */,
			);
			path = "Custom Views";
			sourceTree = "<group>";
		};
		6D73F11229785623008EFD4F /* Support */ = {
			isa = PBXGroup;
			children = (
				6D2269492976CDC6007D3C2E /* AppDelegate.swift */,
				6D22694B2976CDC6007D3C2E /* SceneDelegate.swift */,
				6D2269522976CDC6007D3C2E /* Assets.xcassets */,
				6D2269542976CDC6007D3C2E /* LaunchScreen.storyboard */,
			);
			path = Support;
			sourceTree = "<group>";
		};
		6D73F1132978564C008EFD4F /* Models */ = {
			isa = PBXGroup;
			children = (
				6D73F11429785673008EFD4F /* Follower.swift */,
				6D73F11629785800008EFD4F /* User.swift */,
			);
			path = Models;
			sourceTree = "<group>";
		};
		6DAE880029794C1300761057 /* Managers */ = {
			isa = PBXGroup;
			children = (
				6DAE880129794C1F00761057 /* NetworkManager.swift */,
			);
			path = Managers;
			sourceTree = "<group>";
		};
		6DDC815E297F0ACA005595FF /* Views */ = {
			isa = PBXGroup;
			children = (
				6DDC8164297F1214005595FF /* GFEmptyStateView.swift */,
				6D34D436298067C700D177A9 /* GFItemInfoView.swift */,
			);
			path = Views;
			sourceTree = "<group>";
		};
		6DDC815F297F0AD0005595FF /* Buttons */ = {
			isa = PBXGroup;
			children = (
				6D22695F29774353007D3C2E /* GFButton.swift */,
			);
			path = Buttons;
			sourceTree = "<group>";
		};
		6DDC8160297F0AD4005595FF /* TextFields */ = {
			isa = PBXGroup;
			children = (
				6D22696129774505007D3C2E /* GFTextField.swift */,
			);
			path = TextFields;
			sourceTree = "<group>";
		};
		6DDC8161297F0AD9005595FF /* ImageViews */ = {
			isa = PBXGroup;
			children = (
				6D4D666D2979CCC10084373F /* GFAvatarImageView.swift */,
			);
			path = ImageViews;
			sourceTree = "<group>";
		};
		6DDC8162297F0ADF005595FF /* ViewControllers */ = {
			isa = PBXGroup;
			children = (
				6D73F10B29782E7C008EFD4F /* GFAlertVC.swift */,
				6D34D432298033A000D177A9 /* GFUserInfoHeaderVC.swift */,
				6D34D43E2980791E00D177A9 /* ItemInfoVCs */,
			);
			path = ViewControllers;
			sourceTree = "<group>";
		};
		6DDC8163297F0AF8005595FF /* Labels */ = {
			isa = PBXGroup;
			children = (
				6D73F1072978250C008EFD4F /* GFTitleLabel.swift */,
				6D34D4302980332B00D177A9 /* GFSecondaryTitleLabel.swift */,
				6D73F109297825EF008EFD4F /* GFBodyLabel.swift */,
			);
			path = Labels;
			sourceTree = "<group>";
		};
/* End PBXGroup section */

/* Begin PBXNativeTarget section */
		6D2269452976CDC6007D3C2E /* GHFollowers */ = {
			isa = PBXNativeTarget;
			buildConfigurationList = 6D22695A2976CDC6007D3C2E /* Build configuration list for PBXNativeTarget "GHFollowers" */;
			buildPhases = (
				6D2269422976CDC6007D3C2E /* Sources */,
				6D2269432976CDC6007D3C2E /* Frameworks */,
				6D2269442976CDC6007D3C2E /* Resources */,
			);
			buildRules = (
			);
			dependencies = (
			);
			name = GHFollowers;
			productName = GHFollowers;
			productReference = 6D2269462976CDC6007D3C2E /* GHFollowers.app */;
			productType = "com.apple.product-type.application";
		};
/* End PBXNativeTarget section */

/* Begin PBXProject section */
		6D22693E2976CDC6007D3C2E /* Project object */ = {
			isa = PBXProject;
			attributes = {
				BuildIndependentTargetsInParallel = 1;
				LastSwiftUpdateCheck = 1420;
				LastUpgradeCheck = 1420;
				TargetAttributes = {
					6D2269452976CDC6007D3C2E = {
						CreatedOnToolsVersion = 14.2;
					};
				};
			};
			buildConfigurationList = 6D2269412976CDC6007D3C2E /* Build configuration list for PBXProject "GHFollowers" */;
			compatibilityVersion = "Xcode 14.0";
			developmentRegion = en;
			hasScannedForEncodings = 0;
			knownRegions = (
				en,
				Base,
			);
			mainGroup = 6D22693D2976CDC6007D3C2E;
			productRefGroup = 6D2269472976CDC6007D3C2E /* Products */;
			projectDirPath = "";
			projectRoot = "";
			targets = (
				6D2269452976CDC6007D3C2E /* GHFollowers */,
			);
		};
/* End PBXProject section */

/* Begin PBXResourcesBuildPhase section */
		6D2269442976CDC6007D3C2E /* Resources */ = {
			isa = PBXResourcesBuildPhase;
			buildActionMask = 2147483647;
			files = (
				6D2269562976CDC6007D3C2E /* LaunchScreen.storyboard in Resources */,
				6D2269532976CDC6007D3C2E /* Assets.xcassets in Resources */,
			);
			runOnlyForDeploymentPostprocessing = 0;
		};
/* End PBXResourcesBuildPhase section */

/* Begin PBXSourcesBuildPhase section */
		6D2269422976CDC6007D3C2E /* Sources */ = {
			isa = PBXSourcesBuildPhase;
			buildActionMask = 2147483647;
			files = (
				6D73F11729785800008EFD4F /* User.swift in Sources */,
				6D22696229774505007D3C2E /* GFTextField.swift in Sources */,
				6D22695E2976E171007D3C2E /* FavoritesListVC.swift in Sources */,
				6D34D433298033A000D177A9 /* GFUserInfoHeaderVC.swift in Sources */,
				6D22696029774353007D3C2E /* GFButton.swift in Sources */,
				6D34D43D298078B000D177A9 /* GFFollowerItemVC.swift in Sources */,
				6D73F10E29783CBF008EFD4F /* UIViewController+Ext.swift in Sources */,
				6D34D439298071B500D177A9 /* GFItemInfoVC.swift in Sources */,
				6D34D43529804D0D00D177A9 /* Constants.swift in Sources */,
				6D37EE21297C89240022DCAA /* UIHelper.swift in Sources */,
				6D4D666E2979CCC10084373F /* GFAvatarImageView.swift in Sources */,
				6D34D4312980332B00D177A9 /* GFSecondaryTitleLabel.swift in Sources */,
				6D34D437298067C700D177A9 /* GFItemInfoView.swift in Sources */,
				6D22694E2976CDC6007D3C2E /* SearchVC.swift in Sources */,
				6D73F10C29782E7C008EFD4F /* GFAlertVC.swift in Sources */,
				6D4D666B2979CC910084373F /* FollowerCell.swift in Sources */,
				6D73F10A297825EF008EFD4F /* GFBodyLabel.swift in Sources */,
				6D34D42F29802CF500D177A9 /* GFError.swift in Sources */,
				6D73F11529785673008EFD4F /* Follower.swift in Sources */,
				6D73F1082978250C008EFD4F /* GFTitleLabel.swift in Sources */,
				6DDC8165297F1214005595FF /* GFEmptyStateView.swift in Sources */,
				6DAE880229794C1F00761057 /* NetworkManager.swift in Sources */,
				6D73F10629780C71008EFD4F /* FollowerListVC.swift in Sources */,
				6D22694A2976CDC6007D3C2E /* AppDelegate.swift in Sources */,
				6D22694C2976CDC6007D3C2E /* SceneDelegate.swift in Sources */,
				6D34D43B2980774600D177A9 /* GFRepoItemVC.swift in Sources */,
				6D34D42D2980112200D177A9 /* UserInfoVC.swift in Sources */,
			);
			runOnlyForDeploymentPostprocessing = 0;
		};
/* End PBXSourcesBuildPhase section */

/* Begin PBXVariantGroup section */
		6D2269542976CDC6007D3C2E /* LaunchScreen.storyboard */ = {
			isa = PBXVariantGroup;
			children = (
				6D2269552976CDC6007D3C2E /* Base */,
			);
			name = LaunchScreen.storyboard;
			sourceTree = "<group>";
		};
/* End PBXVariantGroup section */

/* Begin XCBuildConfiguration section */
		6D2269582976CDC6007D3C2E /* Debug */ = {
			isa = XCBuildConfiguration;
			buildSettings = {
				ALWAYS_SEARCH_USER_PATHS = NO;
				CLANG_ANALYZER_NONNULL = YES;
				CLANG_ANALYZER_NUMBER_OBJECT_CONVERSION = YES_AGGRESSIVE;
				CLANG_CXX_LANGUAGE_STANDARD = "gnu++20";
				CLANG_ENABLE_MODULES = YES;
				CLANG_ENABLE_OBJC_ARC = YES;
				CLANG_ENABLE_OBJC_WEAK = YES;
				CLANG_WARN_BLOCK_CAPTURE_AUTORELEASING = YES;
				CLANG_WARN_BOOL_CONVERSION = YES;
				CLANG_WARN_COMMA = YES;
				CLANG_WARN_CONSTANT_CONVERSION = YES;
				CLANG_WARN_DEPRECATED_OBJC_IMPLEMENTATIONS = YES;
				CLANG_WARN_DIRECT_OBJC_ISA_USAGE = YES_ERROR;
				CLANG_WARN_DOCUMENTATION_COMMENTS = YES;
				CLANG_WARN_EMPTY_BODY = YES;
				CLANG_WARN_ENUM_CONVERSION = YES;
				CLANG_WARN_INFINITE_RECURSION = YES;
				CLANG_WARN_INT_CONVERSION = YES;
				CLANG_WARN_NON_LITERAL_NULL_CONVERSION = YES;
				CLANG_WARN_OBJC_IMPLICIT_RETAIN_SELF = YES;
				CLANG_WARN_OBJC_LITERAL_CONVERSION = YES;
				CLANG_WARN_OBJC_ROOT_CLASS = YES_ERROR;
				CLANG_WARN_QUOTED_INCLUDE_IN_FRAMEWORK_HEADER = YES;
				CLANG_WARN_RANGE_LOOP_ANALYSIS = YES;
				CLANG_WARN_STRICT_PROTOTYPES = YES;
				CLANG_WARN_SUSPICIOUS_MOVE = YES;
				CLANG_WARN_UNGUARDED_AVAILABILITY = YES_AGGRESSIVE;
				CLANG_WARN_UNREACHABLE_CODE = YES;
				CLANG_WARN__DUPLICATE_METHOD_MATCH = YES;
				COPY_PHASE_STRIP = NO;
				DEBUG_INFORMATION_FORMAT = dwarf;
				ENABLE_STRICT_OBJC_MSGSEND = YES;
				ENABLE_TESTABILITY = YES;
				GCC_C_LANGUAGE_STANDARD = gnu11;
				GCC_DYNAMIC_NO_PIC = NO;
				GCC_NO_COMMON_BLOCKS = YES;
				GCC_OPTIMIZATION_LEVEL = 0;
				GCC_PREPROCESSOR_DEFINITIONS = (
					"DEBUG=1",
					"$(inherited)",
				);
				GCC_WARN_64_TO_32_BIT_CONVERSION = YES;
				GCC_WARN_ABOUT_RETURN_TYPE = YES_ERROR;
				GCC_WARN_UNDECLARED_SELECTOR = YES;
				GCC_WARN_UNINITIALIZED_AUTOS = YES_AGGRESSIVE;
				GCC_WARN_UNUSED_FUNCTION = YES;
				GCC_WARN_UNUSED_VARIABLE = YES;
				IPHONEOS_DEPLOYMENT_TARGET = 16.2;
				MTL_ENABLE_DEBUG_INFO = INCLUDE_SOURCE;
				MTL_FAST_MATH = YES;
				ONLY_ACTIVE_ARCH = YES;
				SDKROOT = iphoneos;
				SWIFT_ACTIVE_COMPILATION_CONDITIONS = DEBUG;
				SWIFT_OPTIMIZATION_LEVEL = "-Onone";
			};
			name = Debug;
		};
		6D2269592976CDC6007D3C2E /* Release */ = {
			isa = XCBuildConfiguration;
			buildSettings = {
				ALWAYS_SEARCH_USER_PATHS = NO;
				CLANG_ANALYZER_NONNULL = YES;
				CLANG_ANALYZER_NUMBER_OBJECT_CONVERSION = YES_AGGRESSIVE;
				CLANG_CXX_LANGUAGE_STANDARD = "gnu++20";
				CLANG_ENABLE_MODULES = YES;
				CLANG_ENABLE_OBJC_ARC = YES;
				CLANG_ENABLE_OBJC_WEAK = YES;
				CLANG_WARN_BLOCK_CAPTURE_AUTORELEASING = YES;
				CLANG_WARN_BOOL_CONVERSION = YES;
				CLANG_WARN_COMMA = YES;
				CLANG_WARN_CONSTANT_CONVERSION = YES;
				CLANG_WARN_DEPRECATED_OBJC_IMPLEMENTATIONS = YES;
				CLANG_WARN_DIRECT_OBJC_ISA_USAGE = YES_ERROR;
				CLANG_WARN_DOCUMENTATION_COMMENTS = YES;
				CLANG_WARN_EMPTY_BODY = YES;
				CLANG_WARN_ENUM_CONVERSION = YES;
				CLANG_WARN_INFINITE_RECURSION = YES;
				CLANG_WARN_INT_CONVERSION = YES;
				CLANG_WARN_NON_LITERAL_NULL_CONVERSION = YES;
				CLANG_WARN_OBJC_IMPLICIT_RETAIN_SELF = YES;
				CLANG_WARN_OBJC_LITERAL_CONVERSION = YES;
				CLANG_WARN_OBJC_ROOT_CLASS = YES_ERROR;
				CLANG_WARN_QUOTED_INCLUDE_IN_FRAMEWORK_HEADER = YES;
				CLANG_WARN_RANGE_LOOP_ANALYSIS = YES;
				CLANG_WARN_STRICT_PROTOTYPES = YES;
				CLANG_WARN_SUSPICIOUS_MOVE = YES;
				CLANG_WARN_UNGUARDED_AVAILABILITY = YES_AGGRESSIVE;
				CLANG_WARN_UNREACHABLE_CODE = YES;
				CLANG_WARN__DUPLICATE_METHOD_MATCH = YES;
				COPY_PHASE_STRIP = NO;
				DEBUG_INFORMATION_FORMAT = "dwarf-with-dsym";
				ENABLE_NS_ASSERTIONS = NO;
				ENABLE_STRICT_OBJC_MSGSEND = YES;
				GCC_C_LANGUAGE_STANDARD = gnu11;
				GCC_NO_COMMON_BLOCKS = YES;
				GCC_WARN_64_TO_32_BIT_CONVERSION = YES;
				GCC_WARN_ABOUT_RETURN_TYPE = YES_ERROR;
				GCC_WARN_UNDECLARED_SELECTOR = YES;
				GCC_WARN_UNINITIALIZED_AUTOS = YES_AGGRESSIVE;
				GCC_WARN_UNUSED_FUNCTION = YES;
				GCC_WARN_UNUSED_VARIABLE = YES;
				IPHONEOS_DEPLOYMENT_TARGET = 16.2;
				MTL_ENABLE_DEBUG_INFO = NO;
				MTL_FAST_MATH = YES;
				SDKROOT = iphoneos;
				SWIFT_COMPILATION_MODE = wholemodule;
				SWIFT_OPTIMIZATION_LEVEL = "-O";
				VALIDATE_PRODUCT = YES;
			};
			name = Release;
		};
		6D22695B2976CDC6007D3C2E /* Debug */ = {
			isa = XCBuildConfiguration;
			buildSettings = {
				ASSETCATALOG_COMPILER_APPICON_NAME = AppIcon;
				ASSETCATALOG_COMPILER_GLOBAL_ACCENT_COLOR_NAME = AccentColor;
				CODE_SIGN_STYLE = Automatic;
				CURRENT_PROJECT_VERSION = 1;
				DEVELOPMENT_TEAM = 5QL886WRW8;
				GENERATE_INFOPLIST_FILE = YES;
				INFOPLIST_FILE = GHFollowers/Info.plist;
				INFOPLIST_KEY_UIApplicationSupportsIndirectInputEvents = YES;
				INFOPLIST_KEY_UILaunchStoryboardName = LaunchScreen;
				INFOPLIST_KEY_UISupportedInterfaceOrientations = UIInterfaceOrientationPortrait;
				INFOPLIST_KEY_UISupportedInterfaceOrientations_iPad = "UIInterfaceOrientationLandscapeLeft UIInterfaceOrientationLandscapeRight UIInterfaceOrientationPortrait UIInterfaceOrientationPortraitUpsideDown";
				LD_RUNPATH_SEARCH_PATHS = (
					"$(inherited)",
					"@executable_path/Frameworks",
				);
				MARKETING_VERSION = 1.0;
				PRODUCT_BUNDLE_IDENTIFIER = com.michalganiebny.GHFollowers;
				PRODUCT_NAME = "$(TARGET_NAME)";
				SWIFT_EMIT_LOC_STRINGS = YES;
				SWIFT_VERSION = 5.0;
				TARGETED_DEVICE_FAMILY = "1,2";
			};
			name = Debug;
		};
		6D22695C2976CDC6007D3C2E /* Release */ = {
			isa = XCBuildConfiguration;
			buildSettings = {
				ASSETCATALOG_COMPILER_APPICON_NAME = AppIcon;
				ASSETCATALOG_COMPILER_GLOBAL_ACCENT_COLOR_NAME = AccentColor;
				CODE_SIGN_STYLE = Automatic;
				CURRENT_PROJECT_VERSION = 1;
				DEVELOPMENT_TEAM = 5QL886WRW8;
				GENERATE_INFOPLIST_FILE = YES;
				INFOPLIST_FILE = GHFollowers/Info.plist;
				INFOPLIST_KEY_UIApplicationSupportsIndirectInputEvents = YES;
				INFOPLIST_KEY_UILaunchStoryboardName = LaunchScreen;
				INFOPLIST_KEY_UISupportedInterfaceOrientations = UIInterfaceOrientationPortrait;
				INFOPLIST_KEY_UISupportedInterfaceOrientations_iPad = "UIInterfaceOrientationLandscapeLeft UIInterfaceOrientationLandscapeRight UIInterfaceOrientationPortrait UIInterfaceOrientationPortraitUpsideDown";
				LD_RUNPATH_SEARCH_PATHS = (
					"$(inherited)",
					"@executable_path/Frameworks",
				);
				MARKETING_VERSION = 1.0;
				PRODUCT_BUNDLE_IDENTIFIER = com.michalganiebny.GHFollowers;
				PRODUCT_NAME = "$(TARGET_NAME)";
				SWIFT_EMIT_LOC_STRINGS = YES;
				SWIFT_VERSION = 5.0;
				TARGETED_DEVICE_FAMILY = "1,2";
			};
			name = Release;
		};
/* End XCBuildConfiguration section */

/* Begin XCConfigurationList section */
		6D2269412976CDC6007D3C2E /* Build configuration list for PBXProject "GHFollowers" */ = {
			isa = XCConfigurationList;
			buildConfigurations = (
				6D2269582976CDC6007D3C2E /* Debug */,
				6D2269592976CDC6007D3C2E /* Release */,
			);
			defaultConfigurationIsVisible = 0;
			defaultConfigurationName = Release;
		};
		6D22695A2976CDC6007D3C2E /* Build configuration list for PBXNativeTarget "GHFollowers" */ = {
			isa = XCConfigurationList;
			buildConfigurations = (
				6D22695B2976CDC6007D3C2E /* Debug */,
				6D22695C2976CDC6007D3C2E /* Release */,
			);
			defaultConfigurationIsVisible = 0;
			defaultConfigurationName = Release;
		};
/* End XCConfigurationList section */
	};
	rootObject = 6D22693E2976CDC6007D3C2E /* Project object */;
}
